// !$*UTF8*$!
{
	archiveVersion = 1;
	classes = {
	};
	objectVersion = 56;
	objects = {

/* Begin PBXBuildFile section */
		08142F662C00F847007CCF1B /* AuthRepositoryProtocol.swift in Sources */ = {isa = PBXBuildFile; fileRef = 08142F652C00F847007CCF1B /* AuthRepositoryProtocol.swift */; };
		08142F682C00F857007CCF1B /* AuthRepository.swift in Sources */ = {isa = PBXBuildFile; fileRef = 08142F672C00F857007CCF1B /* AuthRepository.swift */; };
		08142F6A2C00F86C007CCF1B /* UserRepositoryProtocol.swift in Sources */ = {isa = PBXBuildFile; fileRef = 08142F692C00F86C007CCF1B /* UserRepositoryProtocol.swift */; };
		08142F6C2C00F879007CCF1B /* UserRepository.swift in Sources */ = {isa = PBXBuildFile; fileRef = 08142F6B2C00F879007CCF1B /* UserRepository.swift */; };
		08142F6E2C0102ED007CCF1B /* EncounterRepositoryProtocol.swift in Sources */ = {isa = PBXBuildFile; fileRef = 08142F6D2C0102ED007CCF1B /* EncounterRepositoryProtocol.swift */; };
		08142F702C0102FB007CCF1B /* EncounterRepository.swift in Sources */ = {isa = PBXBuildFile; fileRef = 08142F6F2C0102FB007CCF1B /* EncounterRepository.swift */; };
		083AE4ED2BE7D9E8002D933F /* EncountView.swift in Sources */ = {isa = PBXBuildFile; fileRef = 083AE4EC2BE7D9E8002D933F /* EncountView.swift */; };
		085003612C11D72500FEA981 /* CustomTabViewsStyle.swift in Sources */ = {isa = PBXBuildFile; fileRef = 085003602C11D72500FEA981 /* CustomTabViewsStyle.swift */; };
		085003632C11D7CC00FEA981 /* NSObject + apply.swift in Sources */ = {isa = PBXBuildFile; fileRef = 085003622C11D7CC00FEA981 /* NSObject + apply.swift */; };
		08515F372BDBDE91009D20D1 /* MapView.swift in Sources */ = {isa = PBXBuildFile; fileRef = 08515F362BDBDE91009D20D1 /* MapView.swift */; };
		08515F392BDBDE9D009D20D1 /* MapViewModel.swift in Sources */ = {isa = PBXBuildFile; fileRef = 08515F382BDBDE9D009D20D1 /* MapViewModel.swift */; };
		08515F3C2BDBE065009D20D1 /* SnapKit in Frameworks */ = {isa = PBXBuildFile; productRef = 08515F3B2BDBE065009D20D1 /* SnapKit */; };
		08515F3F2BDBE274009D20D1 /* LocationDataModel.swift in Sources */ = {isa = PBXBuildFile; fileRef = 08515F3E2BDBE274009D20D1 /* LocationDataModel.swift */; };
		08515F412BE0C6EE009D20D1 /* TabViews.swift in Sources */ = {isa = PBXBuildFile; fileRef = 08515F402BE0C6EE009D20D1 /* TabViews.swift */; };
		08582C802BF32AE800B7FEE5 /* APIClient.swift in Sources */ = {isa = PBXBuildFile; fileRef = 08582C7F2BF32AE800B7FEE5 /* APIClient.swift */; };
		08582C822BF3D86A00B7FEE5 /* HTTPMethods.swift in Sources */ = {isa = PBXBuildFile; fileRef = 08582C812BF3D86900B7FEE5 /* HTTPMethods.swift */; };
		08582C842BF3E62000B7FEE5 /* EndPoints.swift in Sources */ = {isa = PBXBuildFile; fileRef = 08582C832BF3E62000B7FEE5 /* EndPoints.swift */; };
		08582C862BF3E67300B7FEE5 /* APIError.swift in Sources */ = {isa = PBXBuildFile; fileRef = 08582C852BF3E67300B7FEE5 /* APIError.swift */; };
		08582C892BF4CD2F00B7FEE5 /* Alamofire in Frameworks */ = {isa = PBXBuildFile; productRef = 08582C882BF4CD2F00B7FEE5 /* Alamofire */; };
		0861E6662C11F7B50012F49E /* CurrentLocationButton.swift in Sources */ = {isa = PBXBuildFile; fileRef = 0861E6652C11F7B50012F49E /* CurrentLocationButton.swift */; };
		0861E6682C12097D0012F49E /* bannerNotification.swift in Sources */ = {isa = PBXBuildFile; fileRef = 0861E6672C12097D0012F49E /* bannerNotification.swift */; };
		08654BB52C1983CC00A88CFF /* EncountInfoModel.swift in Sources */ = {isa = PBXBuildFile; fileRef = 08654BB42C1983CC00A88CFF /* EncountInfoModel.swift */; };
		08654BB82C1984FB00A88CFF /* UserProfileCard.swift in Sources */ = {isa = PBXBuildFile; fileRef = 08654BB72C1984FB00A88CFF /* UserProfileCard.swift */; };
		08654BBA2C19850300A88CFF /* CircleImage.swift in Sources */ = {isa = PBXBuildFile; fileRef = 08654BB92C19850300A88CFF /* CircleImage.swift */; };
		0872D1B42C10522100B81F6D /* TouringButton.swift in Sources */ = {isa = PBXBuildFile; fileRef = 0872D1B32C10522100B81F6D /* TouringButton.swift */; };
		08742F182C15DDBF00C942DB /* FirebaseMessaging in Frameworks */ = {isa = PBXBuildFile; productRef = 08742F172C15DDBF00C942DB /* FirebaseMessaging */; };
		08742F1B2C15EB5E00C942DB /* ModalViewController.swift in Sources */ = {isa = PBXBuildFile; fileRef = 08742F1A2C15EB5E00C942DB /* ModalViewController.swift */; };
		087C22B12BED2174003434BC /* EncountViewModel.swift in Sources */ = {isa = PBXBuildFile; fileRef = 087C22B02BED2174003434BC /* EncountViewModel.swift */; };
		088081962C19886E00F87C6A /* EncountMap.swift in Sources */ = {isa = PBXBuildFile; fileRef = 088081952C19886E00F87C6A /* EncountMap.swift */; };
		08809D7C2BE7B24900A2F31D /* Tab.swift in Sources */ = {isa = PBXBuildFile; fileRef = 08809D7B2BE7B24900A2F31D /* Tab.swift */; };
		08809D822BE7CDA300A2F31D /* EncountBaseView.swift in Sources */ = {isa = PBXBuildFile; fileRef = 08809D812BE7CDA300A2F31D /* EncountBaseView.swift */; };
		08809D842BE7CE5B00A2F31D /* Color.swift in Sources */ = {isa = PBXBuildFile; fileRef = 08809D832BE7CE5B00A2F31D /* Color.swift */; };
		08C0BCC82BB321AA0088109A /* RideLinkApp.swift in Sources */ = {isa = PBXBuildFile; fileRef = 08C0BCC72BB321AA0088109A /* RideLinkApp.swift */; };
		08C0BCCA2BB321AA0088109A /* ContentView.swift in Sources */ = {isa = PBXBuildFile; fileRef = 08C0BCC92BB321AA0088109A /* ContentView.swift */; };
		08C0BCCC2BB321AC0088109A /* Assets.xcassets in Resources */ = {isa = PBXBuildFile; fileRef = 08C0BCCB2BB321AC0088109A /* Assets.xcassets */; };
		08C0BCCF2BB321AC0088109A /* Preview Assets.xcassets in Resources */ = {isa = PBXBuildFile; fileRef = 08C0BCCE2BB321AC0088109A /* Preview Assets.xcassets */; };
		08C0BCD92BB321AC0088109A /* RideLinkTests.swift in Sources */ = {isa = PBXBuildFile; fileRef = 08C0BCD82BB321AC0088109A /* RideLinkTests.swift */; };
		08C0BCE32BB321AC0088109A /* RideLinkUITests.swift in Sources */ = {isa = PBXBuildFile; fileRef = 08C0BCE22BB321AC0088109A /* RideLinkUITests.swift */; };
		08C0BCE52BB321AC0088109A /* RideLinkUITestsLaunchTests.swift in Sources */ = {isa = PBXBuildFile; fileRef = 08C0BCE42BB321AC0088109A /* RideLinkUITestsLaunchTests.swift */; };
		08C0BCF32BB322770088109A /* FirebaseAuth in Frameworks */ = {isa = PBXBuildFile; productRef = 08C0BCF22BB322770088109A /* FirebaseAuth */; };
		08C0BCF52BB322770088109A /* FirebaseDatabase in Frameworks */ = {isa = PBXBuildFile; productRef = 08C0BCF42BB322770088109A /* FirebaseDatabase */; };
		08C0BCF72BB322770088109A /* FirebaseDatabaseSwift in Frameworks */ = {isa = PBXBuildFile; productRef = 08C0BCF62BB322770088109A /* FirebaseDatabaseSwift */; };
		08C0BCFA2BB323160088109A /* LocalStores.xcdatamodeld in Sources */ = {isa = PBXBuildFile; fileRef = 08C0BCF82BB323160088109A /* LocalStores.xcdatamodeld */; };
		08C0BCFC2BB323D20088109A /* GoogleService-Info.plist in Resources */ = {isa = PBXBuildFile; fileRef = 08C0BCFB2BB323D20088109A /* GoogleService-Info.plist */; };
		08CB69452BD8162D00E5940C /* UserProfileModel.swift in Sources */ = {isa = PBXBuildFile; fileRef = 08CB69442BD8162D00E5940C /* UserProfileModel.swift */; };
		08CB69472BD817EC00E5940C /* TouringInfoModel.swift in Sources */ = {isa = PBXBuildFile; fileRef = 08CB69462BD817EC00E5940C /* TouringInfoModel.swift */; };
		08CB694B2BD81B2400E5940C /* FriendInfoModel.swift in Sources */ = {isa = PBXBuildFile; fileRef = 08CB694A2BD81B2400E5940C /* FriendInfoModel.swift */; };
		08CB694D2BD81E9400E5940C /* UserLocationInfoModel.swift in Sources */ = {isa = PBXBuildFile; fileRef = 08CB694C2BD81E9400E5940C /* UserLocationInfoModel.swift */; };
		220293B12BE921E1009BC2A6 /* ProfileView.swift in Sources */ = {isa = PBXBuildFile; fileRef = 220293B02BE921E1009BC2A6 /* ProfileView.swift */; };
		220293B92BE926E1009BC2A6 /* ProfileEditor.swift in Sources */ = {isa = PBXBuildFile; fileRef = 220293B82BE926E1009BC2A6 /* ProfileEditor.swift */; };
		220293BD2BE92864009BC2A6 /* ProfilePreview.swift in Sources */ = {isa = PBXBuildFile; fileRef = 220293BC2BE92864009BC2A6 /* ProfilePreview.swift */; };
		2203EF272C024FAC00FD7175 /* ToastView.swift in Sources */ = {isa = PBXBuildFile; fileRef = 2203EF262C024FAC00FD7175 /* ToastView.swift */; };
		224CE15B2BF76D1F00AA201F /* FriendListView.swift in Sources */ = {isa = PBXBuildFile; fileRef = 224CE15A2BF76D1F00AA201F /* FriendListView.swift */; };
		224CE15E2BF7715B00AA201F /* OfflineIndicator.swift in Sources */ = {isa = PBXBuildFile; fileRef = 224CE15D2BF7715B00AA201F /* OfflineIndicator.swift */; };
		224CE1622BF771E200AA201F /* OnlineIndicator.swift in Sources */ = {isa = PBXBuildFile; fileRef = 224CE1612BF771E200AA201F /* OnlineIndicator.swift */; };
		224CE1642BF7722100AA201F /* UserCard.swift in Sources */ = {isa = PBXBuildFile; fileRef = 224CE1632BF7722100AA201F /* UserCard.swift */; };
		2255129A2C19F9960004EF5B /* CustomTabViewsStyle.swift in Sources */ = {isa = PBXBuildFile; fileRef = 225512992C19F9960004EF5B /* CustomTabViewsStyle.swift */; };
		2260FB0B2C04D7EF00C837DB /* CommentEditor.swift in Sources */ = {isa = PBXBuildFile; fileRef = 2260FB0A2C04D7EF00C837DB /* CommentEditor.swift */; };
		22FCBB642BFED30B0050F411 /* ProfileViewModel.swift in Sources */ = {isa = PBXBuildFile; fileRef = 22FCBB632BFED30B0050F411 /* ProfileViewModel.swift */; };
		E1BCBEEE2C0183D80009E9DB /* SignupView.swift in Sources */ = {isa = PBXBuildFile; fileRef = E1BCBEED2C0183D80009E9DB /* SignupView.swift */; };
		E1E7AF1E2BEC9AD0002F1CFF /* AppTextFieldView.swift in Sources */ = {isa = PBXBuildFile; fileRef = E1E7AF1D2BEC9AD0002F1CFF /* AppTextFieldView.swift */; };
		E1E7AF202BED0256002F1CFF /* AppButtonView.swift in Sources */ = {isa = PBXBuildFile; fileRef = E1E7AF1F2BED0256002F1CFF /* AppButtonView.swift */; };
		E1E7AF222BED0308002F1CFF /* LoginView.swift in Sources */ = {isa = PBXBuildFile; fileRef = E1E7AF212BED0308002F1CFF /* LoginView.swift */; };
		E1E7AF242BF5D093002F1CFF /* SnapKit in Frameworks */ = {isa = PBXBuildFile; productRef = E1E7AF232BF5D093002F1CFF /* SnapKit */; };
		E1E7AF262BF5D0F7002F1CFF /* SnapKit in Frameworks */ = {isa = PBXBuildFile; productRef = E1E7AF252BF5D0F7002F1CFF /* SnapKit */; };
/* End PBXBuildFile section */

/* Begin PBXContainerItemProxy section */
		08C0BCD52BB321AC0088109A /* PBXContainerItemProxy */ = {
			isa = PBXContainerItemProxy;
			containerPortal = 08C0BCBC2BB321AA0088109A /* Project object */;
			proxyType = 1;
			remoteGlobalIDString = 08C0BCC32BB321AA0088109A;
			remoteInfo = RideLink;
		};
		08C0BCDF2BB321AC0088109A /* PBXContainerItemProxy */ = {
			isa = PBXContainerItemProxy;
			containerPortal = 08C0BCBC2BB321AA0088109A /* Project object */;
			proxyType = 1;
			remoteGlobalIDString = 08C0BCC32BB321AA0088109A;
			remoteInfo = RideLink;
		};
/* End PBXContainerItemProxy section */

/* Begin PBXFileReference section */
		08142F652C00F847007CCF1B /* AuthRepositoryProtocol.swift */ = {isa = PBXFileReference; lastKnownFileType = sourcecode.swift; path = AuthRepositoryProtocol.swift; sourceTree = "<group>"; };
		08142F672C00F857007CCF1B /* AuthRepository.swift */ = {isa = PBXFileReference; lastKnownFileType = sourcecode.swift; path = AuthRepository.swift; sourceTree = "<group>"; };
		08142F692C00F86C007CCF1B /* UserRepositoryProtocol.swift */ = {isa = PBXFileReference; lastKnownFileType = sourcecode.swift; path = UserRepositoryProtocol.swift; sourceTree = "<group>"; };
		08142F6B2C00F879007CCF1B /* UserRepository.swift */ = {isa = PBXFileReference; lastKnownFileType = sourcecode.swift; path = UserRepository.swift; sourceTree = "<group>"; };
		08142F6D2C0102ED007CCF1B /* EncounterRepositoryProtocol.swift */ = {isa = PBXFileReference; lastKnownFileType = sourcecode.swift; path = EncounterRepositoryProtocol.swift; sourceTree = "<group>"; };
		08142F6F2C0102FB007CCF1B /* EncounterRepository.swift */ = {isa = PBXFileReference; lastKnownFileType = sourcecode.swift; path = EncounterRepository.swift; sourceTree = "<group>"; };
		083AE4EC2BE7D9E8002D933F /* EncountView.swift */ = {isa = PBXFileReference; lastKnownFileType = sourcecode.swift; path = EncountView.swift; sourceTree = "<group>"; };
		085003602C11D72500FEA981 /* CustomTabViewsStyle.swift */ = {isa = PBXFileReference; fileEncoding = 4; lastKnownFileType = sourcecode.swift; path = CustomTabViewsStyle.swift; sourceTree = "<group>"; };
		085003622C11D7CC00FEA981 /* NSObject + apply.swift */ = {isa = PBXFileReference; lastKnownFileType = sourcecode.swift; name = "NSObject + apply.swift"; path = "../../NSObject + apply.swift"; sourceTree = "<group>"; };
		08515F362BDBDE91009D20D1 /* MapView.swift */ = {isa = PBXFileReference; lastKnownFileType = sourcecode.swift; path = MapView.swift; sourceTree = "<group>"; };
		08515F382BDBDE9D009D20D1 /* MapViewModel.swift */ = {isa = PBXFileReference; lastKnownFileType = sourcecode.swift; path = MapViewModel.swift; sourceTree = "<group>"; };
		08515F3E2BDBE274009D20D1 /* LocationDataModel.swift */ = {isa = PBXFileReference; lastKnownFileType = sourcecode.swift; path = LocationDataModel.swift; sourceTree = "<group>"; };
		08515F402BE0C6EE009D20D1 /* TabViews.swift */ = {isa = PBXFileReference; lastKnownFileType = sourcecode.swift; path = TabViews.swift; sourceTree = "<group>"; };
		08582C7F2BF32AE800B7FEE5 /* APIClient.swift */ = {isa = PBXFileReference; lastKnownFileType = sourcecode.swift; path = APIClient.swift; sourceTree = "<group>"; };
		08582C812BF3D86900B7FEE5 /* HTTPMethods.swift */ = {isa = PBXFileReference; lastKnownFileType = sourcecode.swift; path = HTTPMethods.swift; sourceTree = "<group>"; };
		08582C832BF3E62000B7FEE5 /* EndPoints.swift */ = {isa = PBXFileReference; lastKnownFileType = sourcecode.swift; path = EndPoints.swift; sourceTree = "<group>"; };
		08582C852BF3E67300B7FEE5 /* APIError.swift */ = {isa = PBXFileReference; lastKnownFileType = sourcecode.swift; path = APIError.swift; sourceTree = "<group>"; };
		0861E6652C11F7B50012F49E /* CurrentLocationButton.swift */ = {isa = PBXFileReference; lastKnownFileType = sourcecode.swift; path = CurrentLocationButton.swift; sourceTree = "<group>"; };
		0861E6672C12097D0012F49E /* bannerNotification.swift */ = {isa = PBXFileReference; lastKnownFileType = sourcecode.swift; path = bannerNotification.swift; sourceTree = "<group>"; };
		08654BB42C1983CC00A88CFF /* EncountInfoModel.swift */ = {isa = PBXFileReference; lastKnownFileType = sourcecode.swift; path = EncountInfoModel.swift; sourceTree = "<group>"; };
		08654BB72C1984FB00A88CFF /* UserProfileCard.swift */ = {isa = PBXFileReference; lastKnownFileType = sourcecode.swift; path = UserProfileCard.swift; sourceTree = "<group>"; };
		08654BB92C19850300A88CFF /* CircleImage.swift */ = {isa = PBXFileReference; lastKnownFileType = sourcecode.swift; path = CircleImage.swift; sourceTree = "<group>"; };
		0872D1B32C10522100B81F6D /* TouringButton.swift */ = {isa = PBXFileReference; lastKnownFileType = sourcecode.swift; path = TouringButton.swift; sourceTree = "<group>"; };
		08742F192C15DF6400C942DB /* RideLink.entitlements */ = {isa = PBXFileReference; lastKnownFileType = text.plist.entitlements; path = RideLink.entitlements; sourceTree = "<group>"; };
		08742F1A2C15EB5E00C942DB /* ModalViewController.swift */ = {isa = PBXFileReference; lastKnownFileType = sourcecode.swift; path = ModalViewController.swift; sourceTree = "<group>"; };
		087C22B02BED2174003434BC /* EncountViewModel.swift */ = {isa = PBXFileReference; lastKnownFileType = sourcecode.swift; path = EncountViewModel.swift; sourceTree = "<group>"; };
		088081952C19886E00F87C6A /* EncountMap.swift */ = {isa = PBXFileReference; lastKnownFileType = sourcecode.swift; path = EncountMap.swift; sourceTree = "<group>"; };
		08809D7B2BE7B24900A2F31D /* Tab.swift */ = {isa = PBXFileReference; lastKnownFileType = sourcecode.swift; path = Tab.swift; sourceTree = "<group>"; };
		08809D812BE7CDA300A2F31D /* EncountBaseView.swift */ = {isa = PBXFileReference; lastKnownFileType = sourcecode.swift; path = EncountBaseView.swift; sourceTree = "<group>"; };
		08809D832BE7CE5B00A2F31D /* Color.swift */ = {isa = PBXFileReference; lastKnownFileType = sourcecode.swift; name = Color.swift; path = RideLink/Views/Screens/Color.swift; sourceTree = SOURCE_ROOT; };
		08C0BCC42BB321AA0088109A /* RideLink.app */ = {isa = PBXFileReference; explicitFileType = wrapper.application; includeInIndex = 0; path = RideLink.app; sourceTree = BUILT_PRODUCTS_DIR; };
		08C0BCC72BB321AA0088109A /* RideLinkApp.swift */ = {isa = PBXFileReference; lastKnownFileType = sourcecode.swift; path = RideLinkApp.swift; sourceTree = "<group>"; };
		08C0BCC92BB321AA0088109A /* ContentView.swift */ = {isa = PBXFileReference; lastKnownFileType = sourcecode.swift; path = ContentView.swift; sourceTree = "<group>"; };
		08C0BCCB2BB321AC0088109A /* Assets.xcassets */ = {isa = PBXFileReference; lastKnownFileType = folder.assetcatalog; path = Assets.xcassets; sourceTree = "<group>"; };
		08C0BCCE2BB321AC0088109A /* Preview Assets.xcassets */ = {isa = PBXFileReference; lastKnownFileType = folder.assetcatalog; path = "Preview Assets.xcassets"; sourceTree = "<group>"; };
		08C0BCD42BB321AC0088109A /* RideLinkTests.xctest */ = {isa = PBXFileReference; explicitFileType = wrapper.cfbundle; includeInIndex = 0; path = RideLinkTests.xctest; sourceTree = BUILT_PRODUCTS_DIR; };
		08C0BCD82BB321AC0088109A /* RideLinkTests.swift */ = {isa = PBXFileReference; lastKnownFileType = sourcecode.swift; path = RideLinkTests.swift; sourceTree = "<group>"; };
		08C0BCDE2BB321AC0088109A /* RideLinkUITests.xctest */ = {isa = PBXFileReference; explicitFileType = wrapper.cfbundle; includeInIndex = 0; path = RideLinkUITests.xctest; sourceTree = BUILT_PRODUCTS_DIR; };
		08C0BCE22BB321AC0088109A /* RideLinkUITests.swift */ = {isa = PBXFileReference; lastKnownFileType = sourcecode.swift; path = RideLinkUITests.swift; sourceTree = "<group>"; };
		08C0BCE42BB321AC0088109A /* RideLinkUITestsLaunchTests.swift */ = {isa = PBXFileReference; lastKnownFileType = sourcecode.swift; path = RideLinkUITestsLaunchTests.swift; sourceTree = "<group>"; };
		08C0BCF92BB323160088109A /* LocalStores.xcdatamodel */ = {isa = PBXFileReference; lastKnownFileType = wrapper.xcdatamodel; path = LocalStores.xcdatamodel; sourceTree = "<group>"; };
		08C0BCFB2BB323D20088109A /* GoogleService-Info.plist */ = {isa = PBXFileReference; fileEncoding = 4; lastKnownFileType = text.plist.xml; path = "GoogleService-Info.plist"; sourceTree = "<group>"; };
		08C0BCFD2BB5B7790088109A /* Info.plist */ = {isa = PBXFileReference; lastKnownFileType = text.plist.xml; path = Info.plist; sourceTree = "<group>"; };
		08CB69442BD8162D00E5940C /* UserProfileModel.swift */ = {isa = PBXFileReference; lastKnownFileType = sourcecode.swift; path = UserProfileModel.swift; sourceTree = "<group>"; };
		08CB69462BD817EC00E5940C /* TouringInfoModel.swift */ = {isa = PBXFileReference; lastKnownFileType = sourcecode.swift; path = TouringInfoModel.swift; sourceTree = "<group>"; };
		08CB694A2BD81B2400E5940C /* FriendInfoModel.swift */ = {isa = PBXFileReference; lastKnownFileType = sourcecode.swift; path = FriendInfoModel.swift; sourceTree = "<group>"; };
		08CB694C2BD81E9400E5940C /* UserLocationInfoModel.swift */ = {isa = PBXFileReference; lastKnownFileType = sourcecode.swift; path = UserLocationInfoModel.swift; sourceTree = "<group>"; };
		220293B02BE921E1009BC2A6 /* ProfileView.swift */ = {isa = PBXFileReference; lastKnownFileType = sourcecode.swift; path = ProfileView.swift; sourceTree = "<group>"; };
		220293B82BE926E1009BC2A6 /* ProfileEditor.swift */ = {isa = PBXFileReference; lastKnownFileType = sourcecode.swift; path = ProfileEditor.swift; sourceTree = "<group>"; };
		220293BC2BE92864009BC2A6 /* ProfilePreview.swift */ = {isa = PBXFileReference; lastKnownFileType = sourcecode.swift; path = ProfilePreview.swift; sourceTree = "<group>"; };
		2203EF262C024FAC00FD7175 /* ToastView.swift */ = {isa = PBXFileReference; lastKnownFileType = sourcecode.swift; path = ToastView.swift; sourceTree = "<group>"; };
		224CE15A2BF76D1F00AA201F /* FriendListView.swift */ = {isa = PBXFileReference; lastKnownFileType = sourcecode.swift; path = FriendListView.swift; sourceTree = "<group>"; };
		224CE15D2BF7715B00AA201F /* OfflineIndicator.swift */ = {isa = PBXFileReference; lastKnownFileType = sourcecode.swift; path = OfflineIndicator.swift; sourceTree = "<group>"; };
		224CE1612BF771E200AA201F /* OnlineIndicator.swift */ = {isa = PBXFileReference; lastKnownFileType = sourcecode.swift; path = OnlineIndicator.swift; sourceTree = "<group>"; };
		224CE1632BF7722100AA201F /* UserCard.swift */ = {isa = PBXFileReference; lastKnownFileType = sourcecode.swift; path = UserCard.swift; sourceTree = "<group>"; };
		225512992C19F9960004EF5B /* CustomTabViewsStyle.swift */ = {isa = PBXFileReference; lastKnownFileType = sourcecode.swift; path = CustomTabViewsStyle.swift; sourceTree = "<group>"; };
		2260FB0A2C04D7EF00C837DB /* CommentEditor.swift */ = {isa = PBXFileReference; lastKnownFileType = sourcecode.swift; path = CommentEditor.swift; sourceTree = "<group>"; };
		22FCBB632BFED30B0050F411 /* ProfileViewModel.swift */ = {isa = PBXFileReference; lastKnownFileType = sourcecode.swift; path = ProfileViewModel.swift; sourceTree = "<group>"; };
		E1BCBEED2C0183D80009E9DB /* SignupView.swift */ = {isa = PBXFileReference; lastKnownFileType = sourcecode.swift; path = SignupView.swift; sourceTree = "<group>"; };
		E1E7AF1D2BEC9AD0002F1CFF /* AppTextFieldView.swift */ = {isa = PBXFileReference; lastKnownFileType = sourcecode.swift; path = AppTextFieldView.swift; sourceTree = "<group>"; };
		E1E7AF1F2BED0256002F1CFF /* AppButtonView.swift */ = {isa = PBXFileReference; lastKnownFileType = sourcecode.swift; path = AppButtonView.swift; sourceTree = "<group>"; };
		E1E7AF212BED0308002F1CFF /* LoginView.swift */ = {isa = PBXFileReference; lastKnownFileType = sourcecode.swift; path = LoginView.swift; sourceTree = "<group>"; };
/* End PBXFileReference section */

/* Begin PBXFrameworksBuildPhase section */
		08C0BCC12BB321AA0088109A /* Frameworks */ = {
			isa = PBXFrameworksBuildPhase;
			buildActionMask = 2147483647;
			files = (
				08742F182C15DDBF00C942DB /* FirebaseMessaging in Frameworks */,
				08582C892BF4CD2F00B7FEE5 /* Alamofire in Frameworks */,
				08C0BCF72BB322770088109A /* FirebaseDatabaseSwift in Frameworks */,
				08515F3C2BDBE065009D20D1 /* SnapKit in Frameworks */,
				08C0BCF52BB322770088109A /* FirebaseDatabase in Frameworks */,
				08C0BCF32BB322770088109A /* FirebaseAuth in Frameworks */,
			);
			runOnlyForDeploymentPostprocessing = 0;
		};
		08C0BCD12BB321AC0088109A /* Frameworks */ = {
			isa = PBXFrameworksBuildPhase;
			buildActionMask = 2147483647;
			files = (
				E1E7AF242BF5D093002F1CFF /* SnapKit in Frameworks */,
			);
			runOnlyForDeploymentPostprocessing = 0;
		};
		08C0BCDB2BB321AC0088109A /* Frameworks */ = {
			isa = PBXFrameworksBuildPhase;
			buildActionMask = 2147483647;
			files = (
				E1E7AF262BF5D0F7002F1CFF /* SnapKit in Frameworks */,
			);
			runOnlyForDeploymentPostprocessing = 0;
		};
/* End PBXFrameworksBuildPhase section */

/* Begin PBXGroup section */
		08142F712C010E77007CCF1B /* Auth */ = {
			isa = PBXGroup;
			children = (
				08142F672C00F857007CCF1B /* AuthRepository.swift */,
				08142F652C00F847007CCF1B /* AuthRepositoryProtocol.swift */,
			);
			path = Auth;
			sourceTree = "<group>";
		};
		08142F722C010E83007CCF1B /* User */ = {
			isa = PBXGroup;
			children = (
				08142F692C00F86C007CCF1B /* UserRepositoryProtocol.swift */,
				08142F6B2C00F879007CCF1B /* UserRepository.swift */,
			);
			path = User;
			sourceTree = "<group>";
		};
		08142F732C010E8D007CCF1B /* Encount */ = {
			isa = PBXGroup;
			children = (
				08142F6D2C0102ED007CCF1B /* EncounterRepositoryProtocol.swift */,
				08142F6F2C0102FB007CCF1B /* EncounterRepository.swift */,
			);
			path = Encount;
			sourceTree = "<group>";
		};
		08515EF92BDB8DD1009D20D1 /* ViewModels */ = {
			isa = PBXGroup;
			children = (
				08515F382BDBDE9D009D20D1 /* MapViewModel.swift */,
				22FCBB632BFED30B0050F411 /* ProfileViewModel.swift */,
				087C22B02BED2174003434BC /* EncountViewModel.swift */,
			);
			path = ViewModels;
			sourceTree = "<group>";
		};
		08515F3D2BDBE254009D20D1 /* Bisiness */ = {
			isa = PBXGroup;
			children = (
				08515F3E2BDBE274009D20D1 /* LocationDataModel.swift */,
			);
			path = Bisiness;
			sourceTree = "<group>";
		};
		0861E6642C11F78C0012F49E /* MapView */ = {
			isa = PBXGroup;
			children = (
				0872D1B32C10522100B81F6D /* TouringButton.swift */,
				0861E6652C11F7B50012F49E /* CurrentLocationButton.swift */,
				0861E6672C12097D0012F49E /* bannerNotification.swift */,
				08742F1A2C15EB5E00C942DB /* ModalViewController.swift */,
			);
			path = MapView;
			sourceTree = "<group>";
		};
		08654BB32C1982EB00A88CFF /* Recovered References */ = {
			isa = PBXGroup;
			children = (
			);
			name = "Recovered References";
			sourceTree = "<group>";
		};
		08654BB62C1984EB00A88CFF /* EncountView */ = {
			isa = PBXGroup;
			children = (
				08654BB72C1984FB00A88CFF /* UserProfileCard.swift */,
				08654BB92C19850300A88CFF /* CircleImage.swift */,
			);
			path = EncountView;
			sourceTree = "<group>";
		};
		08809D7A2BE7B23300A2F31D /* Enums */ = {
			isa = PBXGroup;
			children = (
				08582C852BF3E67300B7FEE5 /* APIError.swift */,
				08582C812BF3D86900B7FEE5 /* HTTPMethods.swift */,
				08582C832BF3E62000B7FEE5 /* EndPoints.swift */,
				08809D7B2BE7B24900A2F31D /* Tab.swift */,
			);
			path = Enums;
			sourceTree = "<group>";
		};
		08C0BCBB2BB321AA0088109A = {
			isa = PBXGroup;
			children = (
				08C0BCC62BB321AA0088109A /* RideLink */,
				08C0BCD72BB321AC0088109A /* RideLinkTests */,
				08C0BCE12BB321AC0088109A /* RideLinkUITests */,
				08C0BCC52BB321AA0088109A /* Products */,
				08654BB32C1982EB00A88CFF /* Recovered References */,
			);
			sourceTree = "<group>";
		};
		08C0BCC52BB321AA0088109A /* Products */ = {
			isa = PBXGroup;
			children = (
				08C0BCC42BB321AA0088109A /* RideLink.app */,
				08C0BCD42BB321AC0088109A /* RideLinkTests.xctest */,
				08C0BCDE2BB321AC0088109A /* RideLinkUITests.xctest */,
			);
			name = Products;
			sourceTree = "<group>";
		};
		08C0BCC62BB321AA0088109A /* RideLink */ = {
			isa = PBXGroup;
			children = (
				08742F192C15DF6400C942DB /* RideLink.entitlements */,
				08C0BCFD2BB5B7790088109A /* Info.plist */,
				08C0BCFB2BB323D20088109A /* GoogleService-Info.plist */,
				08CB693E2BD7DE7000E5940C /* App */,
				08CB69372BD7D9FD00E5940C /* Models */,
				08515EF92BDB8DD1009D20D1 /* ViewModels */,
				08CB69382BD7DA0C00E5940C /* Views */,
				08CB69402BD7E1C100E5940C /* Service */,
				08CB69412BD7E1E200E5940C /* Repository */,
				08CB693F2BD7DEF400E5940C /* CoreData */,
				08CB693D2BD7DE3200E5940C /* Utility */,
				08CB693C2BD7DDED00E5940C /* Resources */,
			);
			path = RideLink;
			sourceTree = "<group>";
		};
		08C0BCD72BB321AC0088109A /* RideLinkTests */ = {
			isa = PBXGroup;
			children = (
				08C0BCD82BB321AC0088109A /* RideLinkTests.swift */,
			);
			path = RideLinkTests;
			sourceTree = "<group>";
		};
		08C0BCE12BB321AC0088109A /* RideLinkUITests */ = {
			isa = PBXGroup;
			children = (
				08C0BCE22BB321AC0088109A /* RideLinkUITests.swift */,
				08C0BCE42BB321AC0088109A /* RideLinkUITestsLaunchTests.swift */,
			);
			path = RideLinkUITests;
			sourceTree = "<group>";
		};
		08CB69372BD7D9FD00E5940C /* Models */ = {
			isa = PBXGroup;
			children = (
				08809D7A2BE7B23300A2F31D /* Enums */,
				08515F3D2BDBE254009D20D1 /* Bisiness */,
				08CB69432BD8160400E5940C /* APIModels */,
			);
			path = Models;
			sourceTree = "<group>";
		};
		08CB69382BD7DA0C00E5940C /* Views */ = {
			isa = PBXGroup;
			children = (
				220293B62BE926C5009BC2A6 /* ViewParts */,
				08CB693A2BD7DA1F00E5940C /* Screens */,
			);
			path = Views;
			sourceTree = "<group>";
		};
		08CB693A2BD7DA1F00E5940C /* Screens */ = {
			isa = PBXGroup;
			children = (
				08C0BCC92BB321AA0088109A /* ContentView.swift */,
				083AE4EC2BE7D9E8002D933F /* EncountView.swift */,
				08515F362BDBDE91009D20D1 /* MapView.swift */,
				08809D812BE7CDA300A2F31D /* EncountBaseView.swift */,
				08515F402BE0C6EE009D20D1 /* TabViews.swift */,
				220293B02BE921E1009BC2A6 /* ProfileView.swift */,
				E1E7AF212BED0308002F1CFF /* LoginView.swift */,
				E1BCBEED2C0183D80009E9DB /* SignupView.swift */,
				224CE15A2BF76D1F00AA201F /* FriendListView.swift */,
				088081952C19886E00F87C6A /* EncountMap.swift */,
			);
			path = Screens;
			sourceTree = "<group>";
		};
		08CB693C2BD7DDED00E5940C /* Resources */ = {
			isa = PBXGroup;
			children = (
				08C0BCCE2BB321AC0088109A /* Preview Assets.xcassets */,
				08C0BCCB2BB321AC0088109A /* Assets.xcassets */,
			);
			path = Resources;
			sourceTree = "<group>";
		};
		08CB693D2BD7DE3200E5940C /* Utility */ = {
			isa = PBXGroup;
			children = (
				225512992C19F9960004EF5B /* CustomTabViewsStyle.swift */,
				08809D832BE7CE5B00A2F31D /* Color.swift */,
				0850035F2C11D6E900FEA981 /* Extension */,
			);
			path = Utility;
			sourceTree = "<group>";
		};
		08CB693E2BD7DE7000E5940C /* App */ = {
			isa = PBXGroup;
			children = (
				08C0BCC72BB321AA0088109A /* RideLinkApp.swift */,
			);
			path = App;
			sourceTree = "<group>";
		};
		08CB693F2BD7DEF400E5940C /* CoreData */ = {
			isa = PBXGroup;
			children = (
				08C0BCF82BB323160088109A /* LocalStores.xcdatamodeld */,
			);
			path = CoreData;
			sourceTree = "<group>";
		};
		08CB69402BD7E1C100E5940C /* Service */ = {
			isa = PBXGroup;
			children = (
				08582C7F2BF32AE800B7FEE5 /* APIClient.swift */,
			);
			path = Service;
			sourceTree = "<group>";
		};
		08CB69412BD7E1E200E5940C /* Repository */ = {
			isa = PBXGroup;
			children = (
				08142F712C010E77007CCF1B /* Auth */,
				08142F722C010E83007CCF1B /* User */,
				08142F732C010E8D007CCF1B /* Encount */,
			);
			path = Repository;
			sourceTree = "<group>";
		};
		08CB69432BD8160400E5940C /* APIModels */ = {
			isa = PBXGroup;
			children = (
				08CB69442BD8162D00E5940C /* UserProfileModel.swift */,
				08CB69462BD817EC00E5940C /* TouringInfoModel.swift */,
				08654BB42C1983CC00A88CFF /* EncountInfoModel.swift */,
				08CB694A2BD81B2400E5940C /* FriendInfoModel.swift */,
				08CB694C2BD81E9400E5940C /* UserLocationInfoModel.swift */,
			);
			path = APIModels;
			sourceTree = "<group>";
		};
		220293B62BE926C5009BC2A6 /* ViewParts */ = {
			isa = PBXGroup;
			children = (
				08654BB62C1984EB00A88CFF /* EncountView */,
				0861E6642C11F78C0012F49E /* MapView */,
				224CE15C2BF76D5300AA201F /* FriendList */,
				220293B72BE926C5009BC2A6 /* ProfileView */,
				E1E7AF1D2BEC9AD0002F1CFF /* AppTextFieldView.swift */,
				E1E7AF1F2BED0256002F1CFF /* AppButtonView.swift */,
			);
			path = ViewParts;
			sourceTree = "<group>";
		};
		220293B72BE926C5009BC2A6 /* ProfileView */ = {
			isa = PBXGroup;
			children = (
				220293B82BE926E1009BC2A6 /* ProfileEditor.swift */,
				2203EF262C024FAC00FD7175 /* ToastView.swift */,
				220293BC2BE92864009BC2A6 /* ProfilePreview.swift */,
				2260FB0A2C04D7EF00C837DB /* CommentEditor.swift */,
			);
			path = ProfileView;
			sourceTree = "<group>";
		};
		224CE15C2BF76D5300AA201F /* FriendList */ = {
			isa = PBXGroup;
			children = (
				224CE15D2BF7715B00AA201F /* OfflineIndicator.swift */,
				224CE1612BF771E200AA201F /* OnlineIndicator.swift */,
				224CE1632BF7722100AA201F /* UserCard.swift */,
			);
			path = FriendList;
			sourceTree = "<group>";
		};
/* End PBXGroup section */

/* Begin PBXNativeTarget section */
		08C0BCC32BB321AA0088109A /* RideLink */ = {
			isa = PBXNativeTarget;
			buildConfigurationList = 08C0BCE82BB321AC0088109A /* Build configuration list for PBXNativeTarget "RideLink" */;
			buildPhases = (
				08C0BCC02BB321AA0088109A /* Sources */,
				08C0BCC12BB321AA0088109A /* Frameworks */,
				08C0BCC22BB321AA0088109A /* Resources */,
			);
			buildRules = (
			);
			dependencies = (
			);
			name = RideLink;
			packageProductDependencies = (
				08C0BCF22BB322770088109A /* FirebaseAuth */,
				08C0BCF42BB322770088109A /* FirebaseDatabase */,
				08C0BCF62BB322770088109A /* FirebaseDatabaseSwift */,
				08515F3B2BDBE065009D20D1 /* SnapKit */,
				08582C882BF4CD2F00B7FEE5 /* Alamofire */,
				08742F172C15DDBF00C942DB /* FirebaseMessaging */,
			);
			productName = RideLink;
			productReference = 08C0BCC42BB321AA0088109A /* RideLink.app */;
			productType = "com.apple.product-type.application";
		};
		08C0BCD32BB321AC0088109A /* RideLinkTests */ = {
			isa = PBXNativeTarget;
			buildConfigurationList = 08C0BCEB2BB321AC0088109A /* Build configuration list for PBXNativeTarget "RideLinkTests" */;
			buildPhases = (
				08C0BCD02BB321AC0088109A /* Sources */,
				08C0BCD12BB321AC0088109A /* Frameworks */,
				08C0BCD22BB321AC0088109A /* Resources */,
			);
			buildRules = (
			);
			dependencies = (
				08C0BCD62BB321AC0088109A /* PBXTargetDependency */,
			);
			name = RideLinkTests;
			packageProductDependencies = (
				E1E7AF232BF5D093002F1CFF /* SnapKit */,
			);
			productName = RideLinkTests;
			productReference = 08C0BCD42BB321AC0088109A /* RideLinkTests.xctest */;
			productType = "com.apple.product-type.bundle.unit-test";
		};
		08C0BCDD2BB321AC0088109A /* RideLinkUITests */ = {
			isa = PBXNativeTarget;
			buildConfigurationList = 08C0BCEE2BB321AC0088109A /* Build configuration list for PBXNativeTarget "RideLinkUITests" */;
			buildPhases = (
				08C0BCDA2BB321AC0088109A /* Sources */,
				08C0BCDB2BB321AC0088109A /* Frameworks */,
				08C0BCDC2BB321AC0088109A /* Resources */,
			);
			buildRules = (
			);
			dependencies = (
				08C0BCE02BB321AC0088109A /* PBXTargetDependency */,
			);
			name = RideLinkUITests;
			packageProductDependencies = (
				E1E7AF252BF5D0F7002F1CFF /* SnapKit */,
			);
			productName = RideLinkUITests;
			productReference = 08C0BCDE2BB321AC0088109A /* RideLinkUITests.xctest */;
			productType = "com.apple.product-type.bundle.ui-testing";
		};
/* End PBXNativeTarget section */

/* Begin PBXProject section */
		08C0BCBC2BB321AA0088109A /* Project object */ = {
			isa = PBXProject;
			attributes = {
				BuildIndependentTargetsInParallel = 1;
				LastSwiftUpdateCheck = 1500;
				LastUpgradeCheck = 1500;
				TargetAttributes = {
					08C0BCC32BB321AA0088109A = {
						CreatedOnToolsVersion = 15.0;
					};
					08C0BCD32BB321AC0088109A = {
						CreatedOnToolsVersion = 15.0;
						TestTargetID = 08C0BCC32BB321AA0088109A;
					};
					08C0BCDD2BB321AC0088109A = {
						CreatedOnToolsVersion = 15.0;
						TestTargetID = 08C0BCC32BB321AA0088109A;
					};
				};
			};
			buildConfigurationList = 08C0BCBF2BB321AA0088109A /* Build configuration list for PBXProject "RideLink" */;
			compatibilityVersion = "Xcode 14.0";
			developmentRegion = en;
			hasScannedForEncodings = 0;
			knownRegions = (
				en,
				Base,
			);
			mainGroup = 08C0BCBB2BB321AA0088109A;
			packageReferences = (
				08C0BCF12BB322770088109A /* XCRemoteSwiftPackageReference "firebase-ios-sdk" */,
				08515F3A2BDBE064009D20D1 /* XCRemoteSwiftPackageReference "SnapKit" */,
				08582C872BF4CD2F00B7FEE5 /* XCRemoteSwiftPackageReference "Alamofire" */,
			);
			productRefGroup = 08C0BCC52BB321AA0088109A /* Products */;
			projectDirPath = "";
			projectRoot = "";
			targets = (
				08C0BCC32BB321AA0088109A /* RideLink */,
				08C0BCD32BB321AC0088109A /* RideLinkTests */,
				08C0BCDD2BB321AC0088109A /* RideLinkUITests */,
			);
		};
/* End PBXProject section */

/* Begin PBXResourcesBuildPhase section */
		08C0BCC22BB321AA0088109A /* Resources */ = {
			isa = PBXResourcesBuildPhase;
			buildActionMask = 2147483647;
			files = (
				08C0BCCF2BB321AC0088109A /* Preview Assets.xcassets in Resources */,
				08C0BCFC2BB323D20088109A /* GoogleService-Info.plist in Resources */,
				08C0BCCC2BB321AC0088109A /* Assets.xcassets in Resources */,
			);
			runOnlyForDeploymentPostprocessing = 0;
		};
		08C0BCD22BB321AC0088109A /* Resources */ = {
			isa = PBXResourcesBuildPhase;
			buildActionMask = 2147483647;
			files = (
			);
			runOnlyForDeploymentPostprocessing = 0;
		};
		08C0BCDC2BB321AC0088109A /* Resources */ = {
			isa = PBXResourcesBuildPhase;
			buildActionMask = 2147483647;
			files = (
			);
			runOnlyForDeploymentPostprocessing = 0;
		};
/* End PBXResourcesBuildPhase section */

/* Begin PBXSourcesBuildPhase section */
		08C0BCC02BB321AA0088109A /* Sources */ = {
			isa = PBXSourcesBuildPhase;
			buildActionMask = 2147483647;
			files = (
				E1BCBEEE2C0183D80009E9DB /* SignupView.swift in Sources */,
				08142F6C2C00F879007CCF1B /* UserRepository.swift in Sources */,
				08515F3F2BDBE274009D20D1 /* LocationDataModel.swift in Sources */,
				08809D7C2BE7B24900A2F31D /* Tab.swift in Sources */,
				08C0BCFA2BB323160088109A /* LocalStores.xcdatamodeld in Sources */,
				224CE15E2BF7715B00AA201F /* OfflineIndicator.swift in Sources */,
				0861E6682C12097D0012F49E /* bannerNotification.swift in Sources */,
				08515F392BDBDE9D009D20D1 /* MapViewModel.swift in Sources */,
				08C0BCCA2BB321AA0088109A /* ContentView.swift in Sources */,
				083AE4ED2BE7D9E8002D933F /* EncountView.swift in Sources */,
				087C22B12BED2174003434BC /* EncountViewModel.swift in Sources */,
				08CB69452BD8162D00E5940C /* UserProfileModel.swift in Sources */,
				08809D842BE7CE5B00A2F31D /* Color.swift in Sources */,
				220293BD2BE92864009BC2A6 /* ProfilePreview.swift in Sources */,
				220293B92BE926E1009BC2A6 /* ProfileEditor.swift in Sources */,
				08142F702C0102FB007CCF1B /* EncounterRepository.swift in Sources */,
				E1E7AF202BED0256002F1CFF /* AppButtonView.swift in Sources */,
				220293B12BE921E1009BC2A6 /* ProfileView.swift in Sources */,
				08654BB52C1983CC00A88CFF /* EncountInfoModel.swift in Sources */,
				224CE15B2BF76D1F00AA201F /* FriendListView.swift in Sources */,
				224CE1622BF771E200AA201F /* OnlineIndicator.swift in Sources */,
				08CB69492BD818AC00E5940C /* EncountInfoModel.swift in Sources */,
				088081962C19886E00F87C6A /* EncountMap.swift in Sources */,
				085003632C11D7CC00FEA981 /* NSObject + apply.swift in Sources */,
				0872D1B42C10522100B81F6D /* TouringButton.swift in Sources */,
				08582C802BF32AE800B7FEE5 /* APIClient.swift in Sources */,
				08142F6E2C0102ED007CCF1B /* EncounterRepositoryProtocol.swift in Sources */,
				08CB694D2BD81E9400E5940C /* UserLocationInfoModel.swift in Sources */,
				2255129A2C19F9960004EF5B /* CustomTabViewsStyle.swift in Sources */,
				08582C842BF3E62000B7FEE5 /* EndPoints.swift in Sources */,
				08582C822BF3D86A00B7FEE5 /* HTTPMethods.swift in Sources */,
				08CB694B2BD81B2400E5940C /* FriendInfoModel.swift in Sources */,
				08742F1B2C15EB5E00C942DB /* ModalViewController.swift in Sources */,
				08142F682C00F857007CCF1B /* AuthRepository.swift in Sources */,
				08142F6A2C00F86C007CCF1B /* UserRepositoryProtocol.swift in Sources */,
				2260FB0B2C04D7EF00C837DB /* CommentEditor.swift in Sources */,
				08142F662C00F847007CCF1B /* AuthRepositoryProtocol.swift in Sources */,
				22FCBB642BFED30B0050F411 /* ProfileViewModel.swift in Sources */,
				E1E7AF222BED0308002F1CFF /* LoginView.swift in Sources */,
				08CB69452BD8162D00E5940C /* UserProfileModel.swift in Sources */,
				E1E7AF1E2BEC9AD0002F1CFF /* AppTextFieldView.swift in Sources */,
				2203EF272C024FAC00FD7175 /* ToastView.swift in Sources */,
				08654BBA2C19850300A88CFF /* CircleImage.swift in Sources */,
				08C0BCC82BB321AA0088109A /* RideLinkApp.swift in Sources */,
				08809D822BE7CDA300A2F31D /* EncountBaseView.swift in Sources */,
				08515F372BDBDE91009D20D1 /* MapView.swift in Sources */,
				08515F412BE0C6EE009D20D1 /* TabViews.swift in Sources */,
				08654BB82C1984FB00A88CFF /* UserProfileCard.swift in Sources */,
				0861E6662C11F7B50012F49E /* CurrentLocationButton.swift in Sources */,
				224CE1642BF7722100AA201F /* UserCard.swift in Sources */,
				08CB69472BD817EC00E5940C /* TouringInfoModel.swift in Sources */,
				08582C862BF3E67300B7FEE5 /* APIError.swift in Sources */,
			);
			runOnlyForDeploymentPostprocessing = 0;
		};
		08C0BCD02BB321AC0088109A /* Sources */ = {
			isa = PBXSourcesBuildPhase;
			buildActionMask = 2147483647;
			files = (
				08C0BCD92BB321AC0088109A /* RideLinkTests.swift in Sources */,
			);
			runOnlyForDeploymentPostprocessing = 0;
		};
		08C0BCDA2BB321AC0088109A /* Sources */ = {
			isa = PBXSourcesBuildPhase;
			buildActionMask = 2147483647;
			files = (
				08C0BCE52BB321AC0088109A /* RideLinkUITestsLaunchTests.swift in Sources */,
				08C0BCE32BB321AC0088109A /* RideLinkUITests.swift in Sources */,
			);
			runOnlyForDeploymentPostprocessing = 0;
		};
/* End PBXSourcesBuildPhase section */

/* Begin PBXTargetDependency section */
		08C0BCD62BB321AC0088109A /* PBXTargetDependency */ = {
			isa = PBXTargetDependency;
			target = 08C0BCC32BB321AA0088109A /* RideLink */;
			targetProxy = 08C0BCD52BB321AC0088109A /* PBXContainerItemProxy */;
		};
		08C0BCE02BB321AC0088109A /* PBXTargetDependency */ = {
			isa = PBXTargetDependency;
			target = 08C0BCC32BB321AA0088109A /* RideLink */;
			targetProxy = 08C0BCDF2BB321AC0088109A /* PBXContainerItemProxy */;
		};
/* End PBXTargetDependency section */

/* Begin XCBuildConfiguration section */
		08C0BCE62BB321AC0088109A /* Debug */ = {
			isa = XCBuildConfiguration;
			buildSettings = {
				ALWAYS_SEARCH_USER_PATHS = NO;
				ASSETCATALOG_COMPILER_GENERATE_SWIFT_ASSET_SYMBOL_EXTENSIONS = YES;
				CLANG_ANALYZER_NONNULL = YES;
				CLANG_ANALYZER_NUMBER_OBJECT_CONVERSION = YES_AGGRESSIVE;
				CLANG_CXX_LANGUAGE_STANDARD = "gnu++20";
				CLANG_ENABLE_MODULES = YES;
				CLANG_ENABLE_OBJC_ARC = YES;
				CLANG_ENABLE_OBJC_WEAK = YES;
				CLANG_WARN_BLOCK_CAPTURE_AUTORELEASING = YES;
				CLANG_WARN_BOOL_CONVERSION = YES;
				CLANG_WARN_COMMA = YES;
				CLANG_WARN_CONSTANT_CONVERSION = YES;
				CLANG_WARN_DEPRECATED_OBJC_IMPLEMENTATIONS = YES;
				CLANG_WARN_DIRECT_OBJC_ISA_USAGE = YES_ERROR;
				CLANG_WARN_DOCUMENTATION_COMMENTS = YES;
				CLANG_WARN_EMPTY_BODY = YES;
				CLANG_WARN_ENUM_CONVERSION = YES;
				CLANG_WARN_INFINITE_RECURSION = YES;
				CLANG_WARN_INT_CONVERSION = YES;
				CLANG_WARN_NON_LITERAL_NULL_CONVERSION = YES;
				CLANG_WARN_OBJC_IMPLICIT_RETAIN_SELF = YES;
				CLANG_WARN_OBJC_LITERAL_CONVERSION = YES;
				CLANG_WARN_OBJC_ROOT_CLASS = YES_ERROR;
				CLANG_WARN_QUOTED_INCLUDE_IN_FRAMEWORK_HEADER = YES;
				CLANG_WARN_RANGE_LOOP_ANALYSIS = YES;
				CLANG_WARN_STRICT_PROTOTYPES = YES;
				CLANG_WARN_SUSPICIOUS_MOVE = YES;
				CLANG_WARN_UNGUARDED_AVAILABILITY = YES_AGGRESSIVE;
				CLANG_WARN_UNREACHABLE_CODE = YES;
				CLANG_WARN__DUPLICATE_METHOD_MATCH = YES;
				COPY_PHASE_STRIP = NO;
				DEBUG_INFORMATION_FORMAT = dwarf;
				ENABLE_STRICT_OBJC_MSGSEND = YES;
				ENABLE_TESTABILITY = YES;
				ENABLE_USER_SCRIPT_SANDBOXING = YES;
				GCC_C_LANGUAGE_STANDARD = gnu17;
				GCC_DYNAMIC_NO_PIC = NO;
				GCC_NO_COMMON_BLOCKS = YES;
				GCC_OPTIMIZATION_LEVEL = 0;
				GCC_PREPROCESSOR_DEFINITIONS = (
					"DEBUG=1",
					"$(inherited)",
				);
				GCC_WARN_64_TO_32_BIT_CONVERSION = YES;
				GCC_WARN_ABOUT_RETURN_TYPE = YES_ERROR;
				GCC_WARN_UNDECLARED_SELECTOR = YES;
				GCC_WARN_UNINITIALIZED_AUTOS = YES_AGGRESSIVE;
				GCC_WARN_UNUSED_FUNCTION = YES;
				GCC_WARN_UNUSED_VARIABLE = YES;
				IPHONEOS_DEPLOYMENT_TARGET = 17.0;
				LOCALIZATION_PREFERS_STRING_CATALOGS = YES;
				MTL_ENABLE_DEBUG_INFO = INCLUDE_SOURCE;
				MTL_FAST_MATH = YES;
				ONLY_ACTIVE_ARCH = YES;
				SDKROOT = iphoneos;
				SWIFT_ACTIVE_COMPILATION_CONDITIONS = "DEBUG $(inherited)";
				SWIFT_OPTIMIZATION_LEVEL = "-Onone";
			};
			name = Debug;
		};
		08C0BCE72BB321AC0088109A /* Release */ = {
			isa = XCBuildConfiguration;
			buildSettings = {
				ALWAYS_SEARCH_USER_PATHS = NO;
				ASSETCATALOG_COMPILER_GENERATE_SWIFT_ASSET_SYMBOL_EXTENSIONS = YES;
				CLANG_ANALYZER_NONNULL = YES;
				CLANG_ANALYZER_NUMBER_OBJECT_CONVERSION = YES_AGGRESSIVE;
				CLANG_CXX_LANGUAGE_STANDARD = "gnu++20";
				CLANG_ENABLE_MODULES = YES;
				CLANG_ENABLE_OBJC_ARC = YES;
				CLANG_ENABLE_OBJC_WEAK = YES;
				CLANG_WARN_BLOCK_CAPTURE_AUTORELEASING = YES;
				CLANG_WARN_BOOL_CONVERSION = YES;
				CLANG_WARN_COMMA = YES;
				CLANG_WARN_CONSTANT_CONVERSION = YES;
				CLANG_WARN_DEPRECATED_OBJC_IMPLEMENTATIONS = YES;
				CLANG_WARN_DIRECT_OBJC_ISA_USAGE = YES_ERROR;
				CLANG_WARN_DOCUMENTATION_COMMENTS = YES;
				CLANG_WARN_EMPTY_BODY = YES;
				CLANG_WARN_ENUM_CONVERSION = YES;
				CLANG_WARN_INFINITE_RECURSION = YES;
				CLANG_WARN_INT_CONVERSION = YES;
				CLANG_WARN_NON_LITERAL_NULL_CONVERSION = YES;
				CLANG_WARN_OBJC_IMPLICIT_RETAIN_SELF = YES;
				CLANG_WARN_OBJC_LITERAL_CONVERSION = YES;
				CLANG_WARN_OBJC_ROOT_CLASS = YES_ERROR;
				CLANG_WARN_QUOTED_INCLUDE_IN_FRAMEWORK_HEADER = YES;
				CLANG_WARN_RANGE_LOOP_ANALYSIS = YES;
				CLANG_WARN_STRICT_PROTOTYPES = YES;
				CLANG_WARN_SUSPICIOUS_MOVE = YES;
				CLANG_WARN_UNGUARDED_AVAILABILITY = YES_AGGRESSIVE;
				CLANG_WARN_UNREACHABLE_CODE = YES;
				CLANG_WARN__DUPLICATE_METHOD_MATCH = YES;
				COPY_PHASE_STRIP = NO;
				DEBUG_INFORMATION_FORMAT = "dwarf-with-dsym";
				ENABLE_NS_ASSERTIONS = NO;
				ENABLE_STRICT_OBJC_MSGSEND = YES;
				ENABLE_USER_SCRIPT_SANDBOXING = YES;
				GCC_C_LANGUAGE_STANDARD = gnu17;
				GCC_NO_COMMON_BLOCKS = YES;
				GCC_WARN_64_TO_32_BIT_CONVERSION = YES;
				GCC_WARN_ABOUT_RETURN_TYPE = YES_ERROR;
				GCC_WARN_UNDECLARED_SELECTOR = YES;
				GCC_WARN_UNINITIALIZED_AUTOS = YES_AGGRESSIVE;
				GCC_WARN_UNUSED_FUNCTION = YES;
				GCC_WARN_UNUSED_VARIABLE = YES;
				IPHONEOS_DEPLOYMENT_TARGET = 17.0;
				LOCALIZATION_PREFERS_STRING_CATALOGS = YES;
				MTL_ENABLE_DEBUG_INFO = NO;
				MTL_FAST_MATH = YES;
				SDKROOT = iphoneos;
				SWIFT_COMPILATION_MODE = wholemodule;
				VALIDATE_PRODUCT = YES;
			};
			name = Release;
		};
		08C0BCE92BB321AC0088109A /* Debug */ = {
			isa = XCBuildConfiguration;
			buildSettings = {
				ASSETCATALOG_COMPILER_APPICON_NAME = AppIcon;
				ASSETCATALOG_COMPILER_GLOBAL_ACCENT_COLOR_NAME = AccentColor;
				CODE_SIGN_ENTITLEMENTS = RideLink/RideLink.entitlements;
				CODE_SIGN_STYLE = Automatic;
				CURRENT_PROJECT_VERSION = 1;
				DEVELOPMENT_ASSET_PATHS = "\"RideLink/Resources\"";
				DEVELOPMENT_TEAM = 5285K4Z956;
				ENABLE_PREVIEWS = YES;
				GENERATE_INFOPLIST_FILE = YES;
				INFOPLIST_FILE = RideLink/Info.plist;
				INFOPLIST_KEY_NSLocationAlwaysUsageDescription = "";
				INFOPLIST_KEY_NSLocationWhenInUseUsageDescription = "現在地の取得を許可しますか";
				INFOPLIST_KEY_UIApplicationSceneManifest_Generation = YES;
				INFOPLIST_KEY_UIApplicationSupportsIndirectInputEvents = YES;
				INFOPLIST_KEY_UISupportedInterfaceOrientations = UIInterfaceOrientationPortrait;
				INFOPLIST_KEY_UISupportedInterfaceOrientations_iPad = "UIInterfaceOrientationLandscapeLeft UIInterfaceOrientationLandscapeRight UIInterfaceOrientationPortrait UIInterfaceOrientationPortraitUpsideDown";
				LD_RUNPATH_SEARCH_PATHS = (
					"$(inherited)",
					"@executable_path/Frameworks",
				);
				MARKETING_VERSION = 1.0;
				PRODUCT_BUNDLE_IDENTIFIER = com.team1.ridelink;
				PRODUCT_NAME = "$(TARGET_NAME)";
				SWIFT_EMIT_LOC_STRINGS = YES;
				SWIFT_VERSION = 5.0;
				TARGETED_DEVICE_FAMILY = "1,2";
			};
			name = Debug;
		};
		08C0BCEA2BB321AC0088109A /* Release */ = {
			isa = XCBuildConfiguration;
			buildSettings = {
				ASSETCATALOG_COMPILER_APPICON_NAME = AppIcon;
				ASSETCATALOG_COMPILER_GLOBAL_ACCENT_COLOR_NAME = AccentColor;
				CODE_SIGN_ENTITLEMENTS = RideLink/RideLink.entitlements;
				CODE_SIGN_STYLE = Automatic;
				CURRENT_PROJECT_VERSION = 1;
				DEVELOPMENT_ASSET_PATHS = "\"RideLink/Resources\"";
				DEVELOPMENT_TEAM = 5285K4Z956;
				ENABLE_PREVIEWS = YES;
				GENERATE_INFOPLIST_FILE = YES;
				INFOPLIST_FILE = RideLink/Info.plist;
				INFOPLIST_KEY_NSLocationAlwaysUsageDescription = "";
				INFOPLIST_KEY_NSLocationWhenInUseUsageDescription = "現在地の取得を許可しますか";
				INFOPLIST_KEY_UIApplicationSceneManifest_Generation = YES;
				INFOPLIST_KEY_UIApplicationSupportsIndirectInputEvents = YES;
				INFOPLIST_KEY_UISupportedInterfaceOrientations = UIInterfaceOrientationPortrait;
				INFOPLIST_KEY_UISupportedInterfaceOrientations_iPad = "UIInterfaceOrientationLandscapeLeft UIInterfaceOrientationLandscapeRight UIInterfaceOrientationPortrait UIInterfaceOrientationPortraitUpsideDown";
				LD_RUNPATH_SEARCH_PATHS = (
					"$(inherited)",
					"@executable_path/Frameworks",
				);
				MARKETING_VERSION = 1.0;
				PRODUCT_BUNDLE_IDENTIFIER = com.team1.ridelink;
				PRODUCT_NAME = "$(TARGET_NAME)";
				SWIFT_EMIT_LOC_STRINGS = YES;
				SWIFT_VERSION = 5.0;
				TARGETED_DEVICE_FAMILY = "1,2";
			};
			name = Release;
		};
		08C0BCEC2BB321AC0088109A /* Debug */ = {
			isa = XCBuildConfiguration;
			buildSettings = {
				ALWAYS_EMBED_SWIFT_STANDARD_LIBRARIES = YES;
				BUNDLE_LOADER = "$(TEST_HOST)";
				CODE_SIGN_STYLE = Automatic;
				CURRENT_PROJECT_VERSION = 1;
				GENERATE_INFOPLIST_FILE = YES;
				IPHONEOS_DEPLOYMENT_TARGET = 17.0;
				MARKETING_VERSION = 1.0;
				PRODUCT_BUNDLE_IDENTIFIER = "com.example.sample-sample.landmark.RideLinkTests";
				PRODUCT_NAME = "$(TARGET_NAME)";
				SWIFT_EMIT_LOC_STRINGS = NO;
				SWIFT_VERSION = 5.0;
				TARGETED_DEVICE_FAMILY = "1,2";
				TEST_HOST = "$(BUILT_PRODUCTS_DIR)/RideLink.app/$(BUNDLE_EXECUTABLE_FOLDER_PATH)/RideLink";
			};
			name = Debug;
		};
		08C0BCED2BB321AC0088109A /* Release */ = {
			isa = XCBuildConfiguration;
			buildSettings = {
				ALWAYS_EMBED_SWIFT_STANDARD_LIBRARIES = YES;
				BUNDLE_LOADER = "$(TEST_HOST)";
				CODE_SIGN_STYLE = Automatic;
				CURRENT_PROJECT_VERSION = 1;
				GENERATE_INFOPLIST_FILE = YES;
				IPHONEOS_DEPLOYMENT_TARGET = 17.0;
				MARKETING_VERSION = 1.0;
				PRODUCT_BUNDLE_IDENTIFIER = "com.example.sample-sample.landmark.RideLinkTests";
				PRODUCT_NAME = "$(TARGET_NAME)";
				SWIFT_EMIT_LOC_STRINGS = NO;
				SWIFT_VERSION = 5.0;
				TARGETED_DEVICE_FAMILY = "1,2";
				TEST_HOST = "$(BUILT_PRODUCTS_DIR)/RideLink.app/$(BUNDLE_EXECUTABLE_FOLDER_PATH)/RideLink";
			};
			name = Release;
		};
		08C0BCEF2BB321AC0088109A /* Debug */ = {
			isa = XCBuildConfiguration;
			buildSettings = {
				ALWAYS_EMBED_SWIFT_STANDARD_LIBRARIES = YES;
				CODE_SIGN_STYLE = Automatic;
				CURRENT_PROJECT_VERSION = 1;
				GENERATE_INFOPLIST_FILE = YES;
				MARKETING_VERSION = 1.0;
				PRODUCT_BUNDLE_IDENTIFIER = "com.example.sample-sample.landmark.RideLinkUITests";
				PRODUCT_NAME = "$(TARGET_NAME)";
				SWIFT_EMIT_LOC_STRINGS = NO;
				SWIFT_VERSION = 5.0;
				TARGETED_DEVICE_FAMILY = "1,2";
				TEST_TARGET_NAME = RideLink;
			};
			name = Debug;
		};
		08C0BCF02BB321AC0088109A /* Release */ = {
			isa = XCBuildConfiguration;
			buildSettings = {
				ALWAYS_EMBED_SWIFT_STANDARD_LIBRARIES = YES;
				CODE_SIGN_STYLE = Automatic;
				CURRENT_PROJECT_VERSION = 1;
				GENERATE_INFOPLIST_FILE = YES;
				MARKETING_VERSION = 1.0;
				PRODUCT_BUNDLE_IDENTIFIER = "com.example.sample-sample.landmark.RideLinkUITests";
				PRODUCT_NAME = "$(TARGET_NAME)";
				SWIFT_EMIT_LOC_STRINGS = NO;
				SWIFT_VERSION = 5.0;
				TARGETED_DEVICE_FAMILY = "1,2";
				TEST_TARGET_NAME = RideLink;
			};
			name = Release;
		};
/* End XCBuildConfiguration section */

/* Begin XCConfigurationList section */
		08C0BCBF2BB321AA0088109A /* Build configuration list for PBXProject "RideLink" */ = {
			isa = XCConfigurationList;
			buildConfigurations = (
				08C0BCE62BB321AC0088109A /* Debug */,
				08C0BCE72BB321AC0088109A /* Release */,
			);
			defaultConfigurationIsVisible = 0;
			defaultConfigurationName = Release;
		};
		08C0BCE82BB321AC0088109A /* Build configuration list for PBXNativeTarget "RideLink" */ = {
			isa = XCConfigurationList;
			buildConfigurations = (
				08C0BCE92BB321AC0088109A /* Debug */,
				08C0BCEA2BB321AC0088109A /* Release */,
			);
			defaultConfigurationIsVisible = 0;
			defaultConfigurationName = Release;
		};
		08C0BCEB2BB321AC0088109A /* Build configuration list for PBXNativeTarget "RideLinkTests" */ = {
			isa = XCConfigurationList;
			buildConfigurations = (
				08C0BCEC2BB321AC0088109A /* Debug */,
				08C0BCED2BB321AC0088109A /* Release */,
			);
			defaultConfigurationIsVisible = 0;
			defaultConfigurationName = Release;
		};
		08C0BCEE2BB321AC0088109A /* Build configuration list for PBXNativeTarget "RideLinkUITests" */ = {
			isa = XCConfigurationList;
			buildConfigurations = (
				08C0BCEF2BB321AC0088109A /* Debug */,
				08C0BCF02BB321AC0088109A /* Release */,
			);
			defaultConfigurationIsVisible = 0;
			defaultConfigurationName = Release;
		};
/* End XCConfigurationList section */

/* Begin XCRemoteSwiftPackageReference section */
		08515F3A2BDBE064009D20D1 /* XCRemoteSwiftPackageReference "SnapKit" */ = {
			isa = XCRemoteSwiftPackageReference;
			repositoryURL = "https://github.com/SnapKit/SnapKit";
			requirement = {
				kind = upToNextMajorVersion;
				minimumVersion = 5.7.1;
			};
		};
		08582C872BF4CD2F00B7FEE5 /* XCRemoteSwiftPackageReference "Alamofire" */ = {
			isa = XCRemoteSwiftPackageReference;
			repositoryURL = "https://github.com/Alamofire/Alamofire";
			requirement = {
				kind = upToNextMajorVersion;
				minimumVersion = 5.9.1;
			};
		};
		08C0BCF12BB322770088109A /* XCRemoteSwiftPackageReference "firebase-ios-sdk" */ = {
			isa = XCRemoteSwiftPackageReference;
			repositoryURL = "https://github.com/firebase/firebase-ios-sdk";
			requirement = {
				kind = upToNextMajorVersion;
				minimumVersion = 10.23.0;
			};
		};
/* End XCRemoteSwiftPackageReference section */

/* Begin XCSwiftPackageProductDependency section */
		08515F3B2BDBE065009D20D1 /* SnapKit */ = {
			isa = XCSwiftPackageProductDependency;
			package = 08515F3A2BDBE064009D20D1 /* XCRemoteSwiftPackageReference "SnapKit" */;
			productName = SnapKit;
		};
		08582C882BF4CD2F00B7FEE5 /* Alamofire */ = {
			isa = XCSwiftPackageProductDependency;
			package = 08582C872BF4CD2F00B7FEE5 /* XCRemoteSwiftPackageReference "Alamofire" */;
			productName = Alamofire;
		};
		08742F172C15DDBF00C942DB /* FirebaseMessaging */ = {
			isa = XCSwiftPackageProductDependency;
			productName = FirebaseMessaging;
		};
		08C0BCF22BB322770088109A /* FirebaseAuth */ = {
			isa = XCSwiftPackageProductDependency;
			package = 08C0BCF12BB322770088109A /* XCRemoteSwiftPackageReference "firebase-ios-sdk" */;
			productName = FirebaseAuth;
		};
		08C0BCF42BB322770088109A /* FirebaseDatabase */ = {
			isa = XCSwiftPackageProductDependency;
			package = 08C0BCF12BB322770088109A /* XCRemoteSwiftPackageReference "firebase-ios-sdk" */;
			productName = FirebaseDatabase;
		};
		08C0BCF62BB322770088109A /* FirebaseDatabaseSwift */ = {
			isa = XCSwiftPackageProductDependency;
			package = 08C0BCF12BB322770088109A /* XCRemoteSwiftPackageReference "firebase-ios-sdk" */;
			productName = FirebaseDatabaseSwift;
		};
		E1E7AF232BF5D093002F1CFF /* SnapKit */ = {
			isa = XCSwiftPackageProductDependency;
			package = 08515F3A2BDBE064009D20D1 /* XCRemoteSwiftPackageReference "SnapKit" */;
			productName = SnapKit;
		};
		E1E7AF252BF5D0F7002F1CFF /* SnapKit */ = {
			isa = XCSwiftPackageProductDependency;
			package = 08515F3A2BDBE064009D20D1 /* XCRemoteSwiftPackageReference "SnapKit" */;
			productName = SnapKit;
		};
/* End XCSwiftPackageProductDependency section */

/* Begin XCVersionGroup section */
		08C0BCF82BB323160088109A /* LocalStores.xcdatamodeld */ = {
			isa = XCVersionGroup;
			children = (
				08C0BCF92BB323160088109A /* LocalStores.xcdatamodel */,
			);
			currentVersion = 08C0BCF92BB323160088109A /* LocalStores.xcdatamodel */;
			path = LocalStores.xcdatamodeld;
			sourceTree = "<group>";
			versionGroupType = wrapper.xcdatamodel;
		};
/* End XCVersionGroup section */
	};
	rootObject = 08C0BCBC2BB321AA0088109A /* Project object */;
}
